Microsoft Visual Studio Solution File, Format Version 11.00
# Visual Studio 2008

Project("{187C6AD3-A74C-C93A-C6C2-229D398E383E}") = "Nodes", "Assembly-CSharp-firstpass.csproj", "{678836AA-4C29-F82F-D6C6-88566B3500F1}"
EndProject
Project("{187C6AD3-A74C-C93A-C6C2-229D398E383E}") = "Nodes", "Assembly-CSharp.csproj", "{2119D4B1-414B-5B21-461B-CB13297CF1C4}"
EndProject
Project("{187C6AD3-A74C-C93A-C6C2-229D398E383E}") = "Nodes", "Assembly-CSharp-Editor.csproj", "{198D8781-5F29-AB8E-2816-FC744007B384}"
EndProject
Global
	GlobalSection(SolutionConfigurationPlatforms) = preSolution
		Debug|Any CPU = Debug|Any CPU
		Release|Any CPU = Release|Any CPU
	EndGlobalSection
	GlobalSection(ProjectConfigurationPlatforms) = postSolution
		{678836AA-4C29-F82F-D6C6-88566B3500F1}.Debug|Any CPU.ActiveCfg = Debug|Any CPU
		{678836AA-4C29-F82F-D6C6-88566B3500F1}.Debug|Any CPU.Build.0 = Debug|Any CPU
		{678836AA-4C29-F82F-D6C6-88566B3500F1}.Release|Any CPU.ActiveCfg = Release|Any CPU
		{678836AA-4C29-F82F-D6C6-88566B3500F1}.Release|Any CPU.Build.0 = Release|Any CPU
		{2119D4B1-414B-5B21-461B-CB13297CF1C4}.Debug|Any CPU.ActiveCfg = Debug|Any CPU
		{2119D4B1-414B-5B21-461B-CB13297CF1C4}.Debug|Any CPU.Build.0 = Debug|Any CPU
		{2119D4B1-414B-5B21-461B-CB13297CF1C4}.Release|Any CPU.ActiveCfg = Release|Any CPU
		{2119D4B1-414B-5B21-461B-CB13297CF1C4}.Release|Any CPU.Build.0 = Release|Any CPU
		{198D8781-5F29-AB8E-2816-FC744007B384}.Debug|Any CPU.ActiveCfg = Debug|Any CPU
		{198D8781-5F29-AB8E-2816-FC744007B384}.Debug|Any CPU.Build.0 = Debug|Any CPU
		{198D8781-5F29-AB8E-2816-FC744007B384}.Release|Any CPU.ActiveCfg = Release|Any CPU
		{198D8781-5F29-AB8E-2816-FC744007B384}.Release|Any CPU.Build.0 = Release|Any CPU
	EndGlobalSection
	GlobalSection(SolutionProperties) = preSolution
		HideSolutionNode = FALSE
	EndGlobalSection
																																																													GlobalSection(MonoDevelopProperties) = preSolution
		StartupItem = Assembly-CSharp.csproj
		Policies = $0
		$0.TextStylePolicy = $1
		$1.inheritsSet = null
		$1.scope = text/x-csharp
		$0.CSharpFormattingPolicy = $2
		$2.inheritsSet = Mono
		$2.inheritsScope = text/x-csharp
		$2.scope = text/x-csharp
		$0.TextStylePolicy = $3
		$3.FileWidth = 120
		$3.TabWidth = 4
		$3.IndentWidth = 4
		$3.EolMarker = Unix
		$3.inheritsSet = Mono
		$3.inheritsScope = text/plain
		$3.scope = text/plain
	EndGlobalSection

EndGlobal
